
Microsoft Visual Studio Solution File, Format Version 12.00
# Visual Studio Version 17
VisualStudioVersion = 17.9.34607.119
MinimumVisualStudioVersion = 10.0.40219.1
Project("{FAE04EC0-301F-11D3-BF4B-00C04F79EFBC}") = "EDP8", "EDP8\EDP8.csproj", "{BE619E79-6840-4DB1-9729-EAF12ED0C8A4}"
EndProject
Global
	GlobalSection(SolutionConfigurationPlatforms) = preSolution
		Debug|Any CPU = Debug|Any CPU
		Release|Any CPU = Release|Any CPU
	EndGlobalSection
	GlobalSection(ProjectConfigurationPlatforms) = postSolution
		{BE619E79-6840-4DB1-9729-EAF12ED0C8A4}.Debug|Any CPU.ActiveCfg = Debug|Any CPU
		{BE619E79-6840-4DB1-9729-EAF12ED0C8A4}.Debug|Any CPU.Build.0 = Debug|Any CPU
		{BE619E79-6840-4DB1-9729-EAF12ED0C8A4}.Release|Any CPU.ActiveCfg = Release|Any CPU
		{BE619E79-6840-4DB1-9729-EAF12ED0C8A4}.Release|Any CPU.Build.0 = Release|Any CPU
	EndGlobalSection
	GlobalSection(SolutionProperties) = preSolution
		HideSolutionNode = FALSE
	EndGlobalSection
	GlobalSection(ExtensibilityGlobals) = postSolution
		SolutionGuid = {C4E98F77-3ADF-48A2-A63A-1EEF280D8C81}
	EndGlobalSection
EndGlobal
